
Microsoft Visual Studio Solution File, Format Version 12.00
# Visual Studio 15
VisualStudioVersion = 15.0.28010.2019
MinimumVisualStudioVersion = 10.0.40219.1
Project("{FAE04EC0-301F-11D3-BF4B-00C04F79EFBC}") = "WindowsFormsApp1", "WindowsFormsApp1\WindowsFormsApp1.csproj", "{B2808474-F527-4159-B56C-E0FA46C57127}"
EndProject
Global
	GlobalSection(SolutionConfigurationPlatforms) = preSolution
		Debug|Any CPU = Debug|Any CPU
		Release|Any CPU = Release|Any CPU
	EndGlobalSection
	GlobalSection(ProjectConfigurationPlatforms) = postSolution
		{B2808474-F527-4159-B56C-E0FA46C57127}.Debug|Any CPU.ActiveCfg = Debug|Any CPU
		{B2808474-F527-4159-B56C-E0FA46C57127}.Debug|Any CPU.Build.0 = Debug|Any CPU
		{B2808474-F527-4159-B56C-E0FA46C57127}.Release|Any CPU.ActiveCfg = Release|Any CPU
		{B2808474-F527-4159-B56C-E0FA46C57127}.Release|Any CPU.Build.0 = Release|Any CPU
	EndGlobalSection
	GlobalSection(SolutionProperties) = preSolution
		HideSolutionNode = FALSE
	EndGlobalSection
	GlobalSection(ExtensibilityGlobals) = postSolution
		SolutionGuid = {F08BF074-763C-4A76-9891-02F638A13DDE}
	EndGlobalSection
EndGlobal
